
Microsoft Visual Studio Solution File, Format Version 12.00
# Visual Studio Version 17
VisualStudioVersion = 17.6.33717.318
MinimumVisualStudioVersion = 10.0.40219.1
Project("{FAE04EC0-301F-11D3-BF4B-00C04F79EFBC}") = "Saascade.Platform.Api", "Saascade.Platform.Api\Saascade.Platform.Api.csproj", "{CBFCF3AF-E1E8-4510-A92D-512750C6D9BC}"
EndProject
Project("{FAE04EC0-301F-11D3-BF4B-00C04F79EFBC}") = "Saascade.Platform.Frontend.BlazorServerSide", "Saascade.Platform.Frontend.BlazorServerSide\Saascade.Platform.Frontend.BlazorServerSide.csproj", "{B2AA9781-94A9-4827-B18A-A9999F6A2D9F}"
EndProject
Project("{FAE04EC0-301F-11D3-BF4B-00C04F79EFBC}") = "Saascade.Platform.Frontend.BlazorWasm", "Saascade.Platform.Frontend.BlazorWasm\Saascade.Platform.Frontend.BlazorWasm.csproj", "{44AA2A1D-6B2E-4802-B9B8-55C6E182EBCB}"
EndProject
Global
	GlobalSection(SolutionConfigurationPlatforms) = preSolution
		Debug|Any CPU = Debug|Any CPU
		Release|Any CPU = Release|Any CPU
	EndGlobalSection
	GlobalSection(ProjectConfigurationPlatforms) = postSolution
		{CBFCF3AF-E1E8-4510-A92D-512750C6D9BC}.Debug|Any CPU.ActiveCfg = Debug|Any CPU
		{CBFCF3AF-E1E8-4510-A92D-512750C6D9BC}.Debug|Any CPU.Build.0 = Debug|Any CPU
		{CBFCF3AF-E1E8-4510-A92D-512750C6D9BC}.Release|Any CPU.ActiveCfg = Release|Any CPU
		{CBFCF3AF-E1E8-4510-A92D-512750C6D9BC}.Release|Any CPU.Build.0 = Release|Any CPU
		{B2AA9781-94A9-4827-B18A-A9999F6A2D9F}.Debug|Any CPU.ActiveCfg = Debug|Any CPU
		{B2AA9781-94A9-4827-B18A-A9999F6A2D9F}.Debug|Any CPU.Build.0 = Debug|Any CPU
		{B2AA9781-94A9-4827-B18A-A9999F6A2D9F}.Release|Any CPU.ActiveCfg = Release|Any CPU
		{B2AA9781-94A9-4827-B18A-A9999F6A2D9F}.Release|Any CPU.Build.0 = Release|Any CPU
		{44AA2A1D-6B2E-4802-B9B8-55C6E182EBCB}.Debug|Any CPU.ActiveCfg = Debug|Any CPU
		{44AA2A1D-6B2E-4802-B9B8-55C6E182EBCB}.Debug|Any CPU.Build.0 = Debug|Any CPU
		{44AA2A1D-6B2E-4802-B9B8-55C6E182EBCB}.Release|Any CPU.ActiveCfg = Release|Any CPU
		{44AA2A1D-6B2E-4802-B9B8-55C6E182EBCB}.Release|Any CPU.Build.0 = Release|Any CPU
	EndGlobalSection
	GlobalSection(SolutionProperties) = preSolution
		HideSolutionNode = FALSE
	EndGlobalSection
	GlobalSection(ExtensibilityGlobals) = postSolution
		SolutionGuid = {2E02DE13-BDCE-438F-B714-382FFA64652B}
	EndGlobalSection
EndGlobal
